{
  "name": "@bit/writeforchrist.vistart.components.auth",
  "version": "0.1.2",
  "lockfileVersion": 1,
  "requires": true,
  "dependencies": {
    "animated": {
      "version": "0.1.5",
      "resolved": "https://registry.npmjs.org/animated/-/animated-0.1.5.tgz",
      "integrity": "sha1-g9+NxEPVerq3sLsEgYsLZVsxybk=",
      "requires": {
        "invariant": "2.2.4",
        "normalize-css-color": "1.0.2"
      }
    },
    "array-find-index": {
      "version": "1.0.2",
      "resolved": "https://registry.npmjs.org/array-find-index/-/array-find-index-1.0.2.tgz",
      "integrity": "sha1-3wEKoSh+Fku9pvlyOwqWoexBh6E="
    },
    "art": {
      "version": "0.10.2",
      "resolved": "https://registry.npmjs.org/art/-/art-0.10.2.tgz",
      "integrity": "sha512-0F3cb+pWScVwrbAi3b/GINGTZ4DKMcaKqzBIt57whlpkgCiJXA0vXR9fdlcvCnA/UzWJYSAFEslRXZQDypiW6A=="
    },
    "asap": {
      "version": "2.0.6",
      "resolved": "https://registry.npmjs.org/asap/-/asap-2.0.6.tgz",
      "integrity": "sha1-5QNHYR1+aQlDIIu9r+vLwvuGbUY="
    },
    "base64-js": {
      "version": "1.3.0",
      "resolved": "https://registry.npmjs.org/base64-js/-/base64-js-1.3.0.tgz",
      "integrity": "sha512-ccav/yGvoa80BQDljCxsmmQ3Xvx60/UpBIij5QN21W3wBi/hhIC9OoO+KLpu9IJTS9j4DRVJ3aDDF9cMSoa2lw=="
    },
    "bowser": {
      "version": "1.9.3",
      "resolved": "https://registry.npmjs.org/bowser/-/bowser-1.9.3.tgz",
      "integrity": "sha512-/gp96UlcFw5DbV2KQPCqTqi0Mb9gZRyDAHiDsGEH+4B/KOQjeoE5lM1PxlVX8DQDvfEfitmC1rW2Oy8fk/XBDg=="
    },
    "buffer": {
      "version": "5.1.0",
      "resolved": "https://registry.npmjs.org/buffer/-/buffer-5.1.0.tgz",
      "integrity": "sha512-YkIRgwsZwJWTnyQrsBTWefizHh+8GYj3kbL1BTiAQ/9pwpino0G7B2gp5tx/FUBqUlvtxV85KNR3mwfAtv15Yw==",
      "requires": {
        "base64-js": "1.3.0",
        "ieee754": "1.1.11"
      }
    },
    "core-js": {
      "version": "1.2.7",
      "resolved": "https://registry.npmjs.org/core-js/-/core-js-1.2.7.tgz",
      "integrity": "sha1-ZSKUwUZR2yj6k70tX/KYOk8IxjY="
    },
    "create-react-class": {
      "version": "15.6.3",
      "resolved": "https://registry.npmjs.org/create-react-class/-/create-react-class-15.6.3.tgz",
      "integrity": "sha512-M+/3Q6E6DLO6Yx3OwrWjwHBnvfXXYA7W+dFjt/ZDBemHO1DDZhsalX/NUtnTYclN6GfnBDRh4qRHjcDHmlJBJg==",
      "requires": {
        "fbjs": "0.8.16",
        "loose-envify": "1.3.1",
        "object-assign": "4.1.1"
      }
    },
    "css-color-keywords": {
      "version": "1.0.0",
      "resolved": "https://registry.npmjs.org/css-color-keywords/-/css-color-keywords-1.0.0.tgz",
      "integrity": "sha1-/qJhbcZ2spYmhrOvjb2+GAskTgU="
    },
    "css-in-js-utils": {
      "version": "2.0.1",
      "resolved": "https://registry.npmjs.org/css-in-js-utils/-/css-in-js-utils-2.0.1.tgz",
      "integrity": "sha512-PJF0SpJT+WdbVVt0AOYp9C8GnuruRlL/UFW7932nLWmFLQTaWEzTBQEx7/hn4BuV+WON75iAViSUJLiU3PKbpA==",
      "requires": {
        "hyphenate-style-name": "1.0.2",
        "isobject": "3.0.1"
      }
    },
    "css-to-react-native": {
      "version": "2.2.0",
      "resolved": "https://registry.npmjs.org/css-to-react-native/-/css-to-react-native-2.2.0.tgz",
      "integrity": "sha512-SWG8+tsVRBHpxn1cSDmx7B95DJCiKwUecBbboGpm2znDCnJDMGkcoYR73w1p2IZMab6iNqVms8VC+4TrSqoFeQ==",
      "requires": {
        "css-color-keywords": "1.0.0",
        "fbjs": "0.8.16",
        "postcss-value-parser": "3.3.0"
      }
    },
    "debounce": {
      "version": "1.1.0",
      "resolved": "https://registry.npmjs.org/debounce/-/debounce-1.1.0.tgz",
      "integrity": "sha512-ZQVKfRVlwRfD150ndzEK8M90ABT+Y/JQKs4Y7U4MXdpuoUkkrr4DwKbVux3YjylA5bUMUj0Nc3pMxPJX6N2QQQ=="
    },
    "deep-assign": {
      "version": "2.0.0",
      "resolved": "https://registry.npmjs.org/deep-assign/-/deep-assign-2.0.0.tgz",
      "integrity": "sha1-6+BrHwfwja5ZdiDj3RYi83GhxXI=",
      "requires": {
        "is-obj": "1.0.1"
      }
    },
    "deline": {
      "version": "1.0.4",
      "resolved": "https://registry.npmjs.org/deline/-/deline-1.0.4.tgz",
      "integrity": "sha1-bAXIeDaSbhocY+R4gvPS6yxvFMk="
    },
    "encoding": {
      "version": "0.1.12",
      "resolved": "https://registry.npmjs.org/encoding/-/encoding-0.1.12.tgz",
      "integrity": "sha1-U4tm8+5izRq1HsMjgp0flIDHS+s=",
      "requires": {
        "iconv-lite": "0.4.23"
      }
    },
    "fbjs": {
      "version": "0.8.16",
      "resolved": "https://registry.npmjs.org/fbjs/-/fbjs-0.8.16.tgz",
      "integrity": "sha1-XmdDL1UNxBtXK/VYR7ispk5TN9s=",
      "requires": {
        "core-js": "1.2.7",
        "isomorphic-fetch": "2.2.1",
        "loose-envify": "1.3.1",
        "object-assign": "4.1.1",
        "promise": "7.3.1",
        "setimmediate": "1.0.5",
        "ua-parser-js": "0.7.18"
      }
    },
    "flexibility": {
      "version": "2.0.1",
      "resolved": "https://registry.npmjs.org/flexibility/-/flexibility-2.0.1.tgz",
      "integrity": "sha1-rTI6r8QPRpzmJChlGPxNfNcrfHc="
    },
    "has-flag": {
      "version": "1.0.0",
      "resolved": "https://registry.npmjs.org/has-flag/-/has-flag-1.0.0.tgz",
      "integrity": "sha1-nZ55MWXOAXoA8AQYxD+UKnsdEfo="
    },
    "hoist-non-react-statics": {
      "version": "2.5.0",
      "resolved": "https://registry.npmjs.org/hoist-non-react-statics/-/hoist-non-react-statics-2.5.0.tgz",
      "integrity": "sha512-6Bl6XsDT1ntE0lHbIhr4Kp2PGcleGZ66qu5Jqk8lc0Xc/IeG6gVLmwUGs/K0Us+L8VWoKgj0uWdPMataOsm31w=="
    },
    "hyphenate-style-name": {
      "version": "1.0.2",
      "resolved": "https://registry.npmjs.org/hyphenate-style-name/-/hyphenate-style-name-1.0.2.tgz",
      "integrity": "sha1-MRYKNpMK2vH8BMYHT360FGXU7Es="
    },
    "iconv-lite": {
      "version": "0.4.23",
      "resolved": "https://registry.npmjs.org/iconv-lite/-/iconv-lite-0.4.23.tgz",
      "integrity": "sha512-neyTUVFtahjf0mB3dZT77u+8O0QB89jFdnBkd5P1JgYPbPaia3gXXOVL2fq8VyU2gMMD7SaN7QukTB/pmXYvDA==",
      "requires": {
        "safer-buffer": "2.1.2"
      }
    },
    "ieee754": {
      "version": "1.1.11",
      "resolved": "https://registry.npmjs.org/ieee754/-/ieee754-1.1.11.tgz",
      "integrity": "sha512-VhDzCKN7K8ufStx/CLj5/PDTMgph+qwN5Pkd5i0sGnVwk56zJ0lkT8Qzi1xqWLS0Wp29DgDtNeS7v8/wMoZeHg=="
    },
    "inline-style-prefixer": {
      "version": "4.0.2",
      "resolved": "https://registry.npmjs.org/inline-style-prefixer/-/inline-style-prefixer-4.0.2.tgz",
      "integrity": "sha512-N8nVhwfYga9MiV9jWlwfdj1UDIaZlBFu4cJSJkIr7tZX7sHpHhGR5su1qdpW+7KPL8ISTvCIkcaFi/JdBknvPg==",
      "requires": {
        "bowser": "1.9.3",
        "css-in-js-utils": "2.0.1"
      }
    },
    "invariant": {
      "version": "2.2.4",
      "resolved": "https://registry.npmjs.org/invariant/-/invariant-2.2.4.tgz",
      "integrity": "sha512-phJfQVBuaJM5raOpJjSfkiD6BpbCE4Ns//LaXl6wGYtUBY83nWS6Rf9tXm2e8VaK60JEjYldbPif/A2B1C2gNA==",
      "requires": {
        "loose-envify": "1.3.1"
      }
    },
    "is-obj": {
      "version": "1.0.1",
      "resolved": "https://registry.npmjs.org/is-obj/-/is-obj-1.0.1.tgz",
      "integrity": "sha1-PkcprB9f3gJc19g6iW2rn09n2w8="
    },
    "is-plain-object": {
      "version": "2.0.4",
      "resolved": "https://registry.npmjs.org/is-plain-object/-/is-plain-object-2.0.4.tgz",
      "integrity": "sha512-h5PpgXkWitc38BBMYawTYMWJHFZJVnBquFE57xFpjB8pJFiF6gZ+bU+WyI/yqXiFR5mdLsgYNaPe8uao6Uv9Og==",
      "requires": {
        "isobject": "3.0.1"
      }
    },
    "is-stream": {
      "version": "1.1.0",
      "resolved": "https://registry.npmjs.org/is-stream/-/is-stream-1.1.0.tgz",
      "integrity": "sha1-EtSj3U5o4Lec6428hBc66A2RykQ="
    },
    "isobject": {
      "version": "3.0.1",
      "resolved": "https://registry.npmjs.org/isobject/-/isobject-3.0.1.tgz",
      "integrity": "sha1-TkMekrEalzFjaqH5yNHMvP2reN8="
    },
    "isomorphic-fetch": {
      "version": "2.2.1",
      "resolved": "https://registry.npmjs.org/isomorphic-fetch/-/isomorphic-fetch-2.2.1.tgz",
      "integrity": "sha1-YRrhrPFPXoH3KVB0coGf6XM1WKk=",
      "requires": {
        "node-fetch": "1.7.3",
        "whatwg-fetch": "2.0.4"
      }
    },
    "js-tokens": {
      "version": "3.0.2",
      "resolved": "https://registry.npmjs.org/js-tokens/-/js-tokens-3.0.2.tgz",
      "integrity": "sha1-mGbfOVECEw449/mWvOtlRDIJwls="
    },
    "loose-envify": {
      "version": "1.3.1",
      "resolved": "https://registry.npmjs.org/loose-envify/-/loose-envify-1.3.1.tgz",
      "integrity": "sha1-0aitM/qc4OcT1l/dCsi3SNR4yEg=",
      "requires": {
        "js-tokens": "3.0.2"
      }
    },
    "node-fetch": {
      "version": "1.7.3",
      "resolved": "https://registry.npmjs.org/node-fetch/-/node-fetch-1.7.3.tgz",
      "integrity": "sha512-NhZ4CsKx7cYm2vSrBAr2PvFOe6sWDf0UYLRqA6svUYg7+/TSfVAu49jYC4BvQ4Sms9SZgdqGBgroqfDhJdTyKQ==",
      "requires": {
        "encoding": "0.1.12",
        "is-stream": "1.1.0"
      }
    },
    "normalize-css-color": {
      "version": "1.0.2",
      "resolved": "https://registry.npmjs.org/normalize-css-color/-/normalize-css-color-1.0.2.tgz",
      "integrity": "sha1-Apkel8zOxmI/5XOvu/Deah8+n40="
    },
    "object-assign": {
      "version": "4.1.1",
      "resolved": "https://registry.npmjs.org/object-assign/-/object-assign-4.1.1.tgz",
      "integrity": "sha1-IQmtx5ZYh8/AXLvUQsrIv7s2CGM="
    },
    "postcss-value-parser": {
      "version": "3.3.0",
      "resolved": "https://registry.npmjs.org/postcss-value-parser/-/postcss-value-parser-3.3.0.tgz",
      "integrity": "sha1-h/OPnxj3dKSrTIojL1xc6IcqnRU="
    },
    "promise": {
      "version": "7.3.1",
      "resolved": "https://registry.npmjs.org/promise/-/promise-7.3.1.tgz",
      "integrity": "sha512-nolQXZ/4L+bP/UGlkfaIujX9BKxGwmQ9OT4mOt5yvy8iK1h3wqTEJCijzGANTCCl9nWjY41juyAn2K3Q1hLLTg==",
      "requires": {
        "asap": "2.0.6"
      }
    },
    "prop-types": {
      "version": "15.6.1",
      "resolved": "https://registry.npmjs.org/prop-types/-/prop-types-15.6.1.tgz",
      "integrity": "sha512-4ec7bY1Y66LymSUOH/zARVYObB23AT2h8cf6e/O6ZALB/N0sqZFEx7rq6EYPX2MkOdKORuooI/H5k9TlR4q7kQ==",
      "requires": {
        "fbjs": "0.8.16",
        "loose-envify": "1.3.1",
        "object-assign": "4.1.1"
      }
    },
    "react": {
      "version": "16.3.2",
      "resolved": "https://registry.npmjs.org/react/-/react-16.3.2.tgz",
      "integrity": "sha512-o5GPdkhciQ3cEph6qgvYB7LTOHw/GB0qRI6ZFNugj49qJCFfgHwVNjZ5u+b7nif4vOeMIOuYj3CeYe2IBD74lg==",
      "requires": {
        "fbjs": "0.8.16",
        "loose-envify": "1.3.1",
        "object-assign": "4.1.1",
        "prop-types": "15.6.1"
      }
    },
    "react-art": {
      "version": "16.3.2",
      "resolved": "https://registry.npmjs.org/react-art/-/react-art-16.3.2.tgz",
      "integrity": "sha512-I+e5yMTf5nZ0gSORSg7IdYWUtiyCcAkAQjk6rTx0PdgYGYO766A/N3730Rpld6naiRASlyib7JXiXkyKgfzIjg==",
      "requires": {
        "art": "0.10.2",
        "create-react-class": "15.6.3",
        "fbjs": "0.8.16",
        "loose-envify": "1.3.1",
        "object-assign": "4.1.1",
        "prop-types": "15.6.1"
      }
    },
    "react-css-property-operations": {
      "version": "15.4.1",
      "resolved": "https://registry.npmjs.org/react-css-property-operations/-/react-css-property-operations-15.4.1.tgz",
      "integrity": "sha1-TA4wXfTMNfD1/S1lp5IUyLAS2zU="
    },
    "react-dom": {
      "version": "16.3.2",
      "resolved": "https://registry.npmjs.org/react-dom/-/react-dom-16.3.2.tgz",
      "integrity": "sha512-MMPko3zYncNrz/7gG17wJWUREZDvskZHXOwbttzl0F0L3wDmToyuETuo/r8Y5yvDejwYcRyWI1lvVBjLJWFwKA==",
      "requires": {
        "fbjs": "0.8.16",
        "loose-envify": "1.3.1",
        "object-assign": "4.1.1",
        "prop-types": "15.6.1"
      }
    },
    "react-is": {
      "version": "16.3.2",
      "resolved": "https://registry.npmjs.org/react-is/-/react-is-16.3.2.tgz",
      "integrity": "sha512-ybEM7YOr4yBgFd6w8dJqwxegqZGJNBZl6U27HnGKuTZmDvVrD5quWOK/wAnMywiZzW+Qsk+l4X2c70+thp/A8Q=="
    },
    "react-native-web": {
      "version": "0.3.4",
      "resolved": "https://registry.npmjs.org/react-native-web/-/react-native-web-0.3.4.tgz",
      "integrity": "sha512-tt3E/ZuPJ+Cqc3RETyJ63LE0Zp+KW0UEsNz5ax0NztRD8fp40bYmOxqOvXQbvbWG7zK7yXiUYPIEA1V5NMZIzg==",
      "requires": {
        "array-find-index": "1.0.2",
        "create-react-class": "15.6.3",
        "debounce": "1.1.0",
        "deep-assign": "2.0.0",
        "fbjs": "0.8.16",
        "hyphenate-style-name": "1.0.2",
        "inline-style-prefixer": "4.0.2",
        "normalize-css-color": "1.0.2",
        "prop-types": "15.6.1",
        "react-art": "16.3.2",
        "react-timer-mixin": "0.13.3"
      }
    },
    "react-primitives": {
      "version": "0.5.1",
      "resolved": "https://registry.npmjs.org/react-primitives/-/react-primitives-0.5.1.tgz",
      "integrity": "sha512-UM6pwJBRCpZgKFV3gjuipPHqglFVP5eh4K0VzCHa2JzjmDKI1n+rl2FRs9llx/xt9bKIRQK8deZ0rIO8ysabGA==",
      "requires": {
        "animated": "0.1.5",
        "asap": "2.0.6",
        "create-react-class": "15.6.3",
        "deline": "1.0.4",
        "flexibility": "2.0.1",
        "inline-style-prefixer": "4.0.2",
        "invariant": "2.2.4",
        "normalize-css-color": "1.0.2",
        "prop-types": "15.6.1",
        "react-css-property-operations": "15.4.1",
        "react-native-web": "0.3.4",
        "react-timer-mixin": "0.13.3",
        "string-hash": "1.1.3"
      }
    },
    "react-timer-mixin": {
      "version": "0.13.3",
      "resolved": "https://registry.npmjs.org/react-timer-mixin/-/react-timer-mixin-0.13.3.tgz",
      "integrity": "sha1-Dai5+AfsB9w+hU0ILHN8ZWBbPSI="
    },
    "safer-buffer": {
      "version": "2.1.2",
      "resolved": "https://registry.npmjs.org/safer-buffer/-/safer-buffer-2.1.2.tgz",
      "integrity": "sha512-YZo3K82SD7Riyi0E1EQPojLz7kpepnSQI9IyPbHHg1XXXevb5dJI7tpyN2ADxGcQbHG7vcyRHk0cbwqcQriUtg=="
    },
    "setimmediate": {
      "version": "1.0.5",
      "resolved": "https://registry.npmjs.org/setimmediate/-/setimmediate-1.0.5.tgz",
      "integrity": "sha1-KQy7Iy4waULX1+qbg3Mqt4VvgoU="
    },
    "string-hash": {
      "version": "1.1.3",
      "resolved": "https://registry.npmjs.org/string-hash/-/string-hash-1.1.3.tgz",
      "integrity": "sha1-6Kr8CsGFW0Zmkp7X3RJ1311sgRs="
    },
    "styled-components": {
      "version": "3.2.6",
      "resolved": "https://registry.npmjs.org/styled-components/-/styled-components-3.2.6.tgz",
      "integrity": "sha1-mebnWnRr3t0pWhfgPdFJMFWhzDs=",
      "requires": {
        "buffer": "5.1.0",
        "css-to-react-native": "2.2.0",
        "fbjs": "0.8.16",
        "hoist-non-react-statics": "2.5.0",
        "is-plain-object": "2.0.4",
        "prop-types": "15.6.1",
        "react-is": "16.3.2",
        "stylis": "3.5.0",
        "stylis-rule-sheet": "0.0.10",
        "supports-color": "3.2.3"
      }
    },
    "stylis": {
      "version": "3.5.0",
      "resolved": "https://registry.npmjs.org/stylis/-/stylis-3.5.0.tgz",
      "integrity": "sha512-pP7yXN6dwMzAR29Q0mBrabPCe0/mNO1MSr93bhay+hcZondvMMTpeGyd8nbhYJdyperNT2DRxONQuUGcJr5iPw=="
    },
    "stylis-rule-sheet": {
      "version": "0.0.10",
      "resolved": "https://registry.npmjs.org/stylis-rule-sheet/-/stylis-rule-sheet-0.0.10.tgz",
      "integrity": "sha512-nTbZoaqoBnmK+ptANthb10ZRZOGC+EmTLLUxeYIuHNkEKcmKgXX1XWKkUBT2Ac4es3NybooPe0SmvKdhKJZAuw=="
    },
    "supports-color": {
      "version": "3.2.3",
      "resolved": "https://registry.npmjs.org/supports-color/-/supports-color-3.2.3.tgz",
      "integrity": "sha1-ZawFBLOVQXHYpklGsq48u4pfVPY=",
      "requires": {
        "has-flag": "1.0.0"
      }
    },
    "ua-parser-js": {
      "version": "0.7.18",
      "resolved": "https://registry.npmjs.org/ua-parser-js/-/ua-parser-js-0.7.18.tgz",
      "integrity": "sha512-LtzwHlVHwFGTptfNSgezHp7WUlwiqb0gA9AALRbKaERfxwJoiX0A73QbTToxteIAuIaFshhgIZfqK8s7clqgnA=="
    },
    "whatwg-fetch": {
      "version": "2.0.4",
      "resolved": "https://registry.npmjs.org/whatwg-fetch/-/whatwg-fetch-2.0.4.tgz",
      "integrity": "sha512-dcQ1GWpOD/eEQ97k66aiEVpNnapVj90/+R+SXTPYGHpYBBypfKJEQjLrvMZ7YXbKm21gXd4NcuxUTjiv1YtLng=="
    }
  }
}
